
Microsoft Visual Studio Solution File, Format Version 12.00
# Visual Studio Version 17
VisualStudioVersion = 17.8.34322.80
MinimumVisualStudioVersion = 10.0.40219.1
Project("{FAE04EC0-301F-11D3-BF4B-00C04F79EFBC}") = "Gestion_Cours", "Gestion_Cours.csproj", "{5CB37912-B9F8-41F1-BAC8-C7DB0D09C7D5}"
EndProject
Global
	GlobalSection(SolutionConfigurationPlatforms) = preSolution
		Debug|Any CPU = Debug|Any CPU
		Release|Any CPU = Release|Any CPU
	EndGlobalSection
	GlobalSection(ProjectConfigurationPlatforms) = postSolution
		{5CB37912-B9F8-41F1-BAC8-C7DB0D09C7D5}.Debug|Any CPU.ActiveCfg = Debug|Any CPU
		{5CB37912-B9F8-41F1-BAC8-C7DB0D09C7D5}.Debug|Any CPU.Build.0 = Debug|Any CPU
		{5CB37912-B9F8-41F1-BAC8-C7DB0D09C7D5}.Release|Any CPU.ActiveCfg = Release|Any CPU
		{5CB37912-B9F8-41F1-BAC8-C7DB0D09C7D5}.Release|Any CPU.Build.0 = Release|Any CPU
	EndGlobalSection
	GlobalSection(SolutionProperties) = preSolution
		HideSolutionNode = FALSE
	EndGlobalSection
	GlobalSection(ExtensibilityGlobals) = postSolution
		SolutionGuid = {87A6DBF0-46FF-479C-B20C-062CB3934FD3}
	EndGlobalSection
EndGlobal
