
Microsoft Visual Studio Solution File, Format Version 12.00
# Visual Studio Version 17
VisualStudioVersion = 17.8.34322.80
MinimumVisualStudioVersion = 10.0.40219.1
Project("{FAE04EC0-301F-11D3-BF4B-00C04F79EFBC}") = "Gestion_Cours", "Gestion_Cours.csproj", "{1BAC3922-93C0-4C4D-93C4-851AEBFF4D8F}"
EndProject
Global
	GlobalSection(SolutionConfigurationPlatforms) = preSolution
		Debug|Any CPU = Debug|Any CPU
		Release|Any CPU = Release|Any CPU
	EndGlobalSection
	GlobalSection(ProjectConfigurationPlatforms) = postSolution
		{1BAC3922-93C0-4C4D-93C4-851AEBFF4D8F}.Debug|Any CPU.ActiveCfg = Debug|Any CPU
		{1BAC3922-93C0-4C4D-93C4-851AEBFF4D8F}.Debug|Any CPU.Build.0 = Debug|Any CPU
		{1BAC3922-93C0-4C4D-93C4-851AEBFF4D8F}.Release|Any CPU.ActiveCfg = Release|Any CPU
		{1BAC3922-93C0-4C4D-93C4-851AEBFF4D8F}.Release|Any CPU.Build.0 = Release|Any CPU
	EndGlobalSection
	GlobalSection(SolutionProperties) = preSolution
		HideSolutionNode = FALSE
	EndGlobalSection
	GlobalSection(ExtensibilityGlobals) = postSolution
		SolutionGuid = {179CD075-9578-494C-9670-A749DA0ABBA1}
	EndGlobalSection
EndGlobal
