
Microsoft Visual Studio Solution File, Format Version 12.00
# Visual Studio Version 17
VisualStudioVersion = 17.8.34322.80
MinimumVisualStudioVersion = 10.0.40219.1
Project("{FAE04EC0-301F-11D3-BF4B-00C04F79EFBC}") = "Gestion Rv", "Gestion Rv.csproj", "{06B13D3A-FE23-4A14-83C8-C1FBE5EE32BC}"
EndProject
Global
	GlobalSection(SolutionConfigurationPlatforms) = preSolution
		Debug|Any CPU = Debug|Any CPU
		Release|Any CPU = Release|Any CPU
	EndGlobalSection
	GlobalSection(ProjectConfigurationPlatforms) = postSolution
		{06B13D3A-FE23-4A14-83C8-C1FBE5EE32BC}.Debug|Any CPU.ActiveCfg = Debug|Any CPU
		{06B13D3A-FE23-4A14-83C8-C1FBE5EE32BC}.Debug|Any CPU.Build.0 = Debug|Any CPU
		{06B13D3A-FE23-4A14-83C8-C1FBE5EE32BC}.Release|Any CPU.ActiveCfg = Release|Any CPU
		{06B13D3A-FE23-4A14-83C8-C1FBE5EE32BC}.Release|Any CPU.Build.0 = Release|Any CPU
	EndGlobalSection
	GlobalSection(SolutionProperties) = preSolution
		HideSolutionNode = FALSE
	EndGlobalSection
	GlobalSection(ExtensibilityGlobals) = postSolution
		SolutionGuid = {F8977A0A-AE17-4E0E-BBC8-6A6B3B51AF29}
	EndGlobalSection
EndGlobal
